
Microsoft Visual Studio Solution File, Format Version 12.00
# Visual Studio Version 17
VisualStudioVersion = 17.7.34031.279
MinimumVisualStudioVersion = 10.0.40219.1
Project("{FAE04EC0-301F-11D3-BF4B-00C04F79EFBC}") = "Laba2_med", "Laba2_med\Laba2_med.csproj", "{79974F25-8727-4310-8B77-5D0F590BEB2A}"
EndProject
Global
	GlobalSection(SolutionConfigurationPlatforms) = preSolution
		Debug|Any CPU = Debug|Any CPU
		Release|Any CPU = Release|Any CPU
	EndGlobalSection
	GlobalSection(ProjectConfigurationPlatforms) = postSolution
		{79974F25-8727-4310-8B77-5D0F590BEB2A}.Debug|Any CPU.ActiveCfg = Debug|Any CPU
		{79974F25-8727-4310-8B77-5D0F590BEB2A}.Debug|Any CPU.Build.0 = Debug|Any CPU
		{79974F25-8727-4310-8B77-5D0F590BEB2A}.Release|Any CPU.ActiveCfg = Release|Any CPU
		{79974F25-8727-4310-8B77-5D0F590BEB2A}.Release|Any CPU.Build.0 = Release|Any CPU
	EndGlobalSection
	GlobalSection(SolutionProperties) = preSolution
		HideSolutionNode = FALSE
	EndGlobalSection
	GlobalSection(ExtensibilityGlobals) = postSolution
		SolutionGuid = {F14AD639-859F-4CBA-A225-A623C53EC5DB}
	EndGlobalSection
EndGlobal
